
Microsoft Visual Studio Solution File, Format Version 12.00
# Visual Studio Version 17
VisualStudioVersion = 17.3.32804.467
MinimumVisualStudioVersion = 10.0.40219.1
Project("{FAE04EC0-301F-11D3-BF4B-00C04F79EFBC}") = "ejemplo1", "ejemplo1\ejemplo1.csproj", "{AC8A948B-2E3E-48CF-BF75-34859E3C81D8}"
EndProject
Global
	GlobalSection(SolutionConfigurationPlatforms) = preSolution
		Debug|Any CPU = Debug|Any CPU
		Release|Any CPU = Release|Any CPU
	EndGlobalSection
	GlobalSection(ProjectConfigurationPlatforms) = postSolution
		{AC8A948B-2E3E-48CF-BF75-34859E3C81D8}.Debug|Any CPU.ActiveCfg = Debug|Any CPU
		{AC8A948B-2E3E-48CF-BF75-34859E3C81D8}.Debug|Any CPU.Build.0 = Debug|Any CPU
		{AC8A948B-2E3E-48CF-BF75-34859E3C81D8}.Release|Any CPU.ActiveCfg = Release|Any CPU
		{AC8A948B-2E3E-48CF-BF75-34859E3C81D8}.Release|Any CPU.Build.0 = Release|Any CPU
	EndGlobalSection
	GlobalSection(SolutionProperties) = preSolution
		HideSolutionNode = FALSE
	EndGlobalSection
	GlobalSection(ExtensibilityGlobals) = postSolution
		SolutionGuid = {D42DB8F4-3CC9-493A-B287-DC2C5233C17D}
	EndGlobalSection
EndGlobal
